
Microsoft Visual Studio Solution File, Format Version 12.00
# Visual Studio Version 17
VisualStudioVersion = 17.11.35303.130
MinimumVisualStudioVersion = 10.0.40219.1
Project("{FAE04EC0-301F-11D3-BF4B-00C04F79EFBC}") = "test 1", "test 1.csproj", "{E2A84628-8B1A-462B-9551-4DCEBCFC54C9}"
EndProject
Project("{FAE04EC0-301F-11D3-BF4B-00C04F79EFBC}") = "read folder name", "..\read folder name\read folder name.csproj", "{2109DEAB-ADF0-43C4-B391-F2EA499E26EC}"
EndProject
Global
	GlobalSection(SolutionConfigurationPlatforms) = preSolution
		Debug|Any CPU = Debug|Any CPU
		Release|Any CPU = Release|Any CPU
	EndGlobalSection
	GlobalSection(ProjectConfigurationPlatforms) = postSolution
		{E2A84628-8B1A-462B-9551-4DCEBCFC54C9}.Debug|Any CPU.ActiveCfg = Debug|Any CPU
		{E2A84628-8B1A-462B-9551-4DCEBCFC54C9}.Debug|Any CPU.Build.0 = Debug|Any CPU
		{E2A84628-8B1A-462B-9551-4DCEBCFC54C9}.Release|Any CPU.ActiveCfg = Release|Any CPU
		{E2A84628-8B1A-462B-9551-4DCEBCFC54C9}.Release|Any CPU.Build.0 = Release|Any CPU
		{2109DEAB-ADF0-43C4-B391-F2EA499E26EC}.Debug|Any CPU.ActiveCfg = Debug|Any CPU
		{2109DEAB-ADF0-43C4-B391-F2EA499E26EC}.Debug|Any CPU.Build.0 = Debug|Any CPU
		{2109DEAB-ADF0-43C4-B391-F2EA499E26EC}.Release|Any CPU.ActiveCfg = Release|Any CPU
		{2109DEAB-ADF0-43C4-B391-F2EA499E26EC}.Release|Any CPU.Build.0 = Release|Any CPU
	EndGlobalSection
	GlobalSection(SolutionProperties) = preSolution
		HideSolutionNode = FALSE
	EndGlobalSection
	GlobalSection(ExtensibilityGlobals) = postSolution
		SolutionGuid = {2FE2D054-AB36-4FA9-BF46-B92BAFD9A26B}
	EndGlobalSection
EndGlobal
